
Microsoft Visual Studio Solution File, Format Version 12.00
# Visual Studio Version 17
VisualStudioVersion = 17.3.32811.315
MinimumVisualStudioVersion = 10.0.40219.1
Project("{9A19103F-16F7-4668-BE54-9A1E7A4F7556}") = "Day24Assignment", "Day24Assignment.csproj", "{1598935B-DA50-4B37-875C-FFC30930DBB7}"
EndProject
Project("{FAE04EC0-301F-11D3-BF4B-00C04F79EFBC}") = "UnitTest1", "..\UnitTest1\UnitTest1.csproj", "{18F4941B-2413-4F16-A3D2-FC4110D9A78A}"
EndProject
Global
	GlobalSection(SolutionConfigurationPlatforms) = preSolution
		Debug|Any CPU = Debug|Any CPU
		Release|Any CPU = Release|Any CPU
	EndGlobalSection
	GlobalSection(ProjectConfigurationPlatforms) = postSolution
		{1598935B-DA50-4B37-875C-FFC30930DBB7}.Debug|Any CPU.ActiveCfg = Debug|Any CPU
		{1598935B-DA50-4B37-875C-FFC30930DBB7}.Debug|Any CPU.Build.0 = Debug|Any CPU
		{1598935B-DA50-4B37-875C-FFC30930DBB7}.Release|Any CPU.ActiveCfg = Release|Any CPU
		{1598935B-DA50-4B37-875C-FFC30930DBB7}.Release|Any CPU.Build.0 = Release|Any CPU
		{18F4941B-2413-4F16-A3D2-FC4110D9A78A}.Debug|Any CPU.ActiveCfg = Debug|Any CPU
		{18F4941B-2413-4F16-A3D2-FC4110D9A78A}.Debug|Any CPU.Build.0 = Debug|Any CPU
		{18F4941B-2413-4F16-A3D2-FC4110D9A78A}.Release|Any CPU.ActiveCfg = Release|Any CPU
		{18F4941B-2413-4F16-A3D2-FC4110D9A78A}.Release|Any CPU.Build.0 = Release|Any CPU
	EndGlobalSection
	GlobalSection(SolutionProperties) = preSolution
		HideSolutionNode = FALSE
	EndGlobalSection
	GlobalSection(ExtensibilityGlobals) = postSolution
		SolutionGuid = {BEAB18C7-8223-4DA5-9060-51C318ED6C32}
	EndGlobalSection
EndGlobal
